
Microsoft Visual Studio Solution File, Format Version 12.00
# Visual Studio 15
VisualStudioVersion = 15.0.26730.10
MinimumVisualStudioVersion = 10.0.40219.1
Project("{FAE04EC0-301F-11D3-BF4B-00C04F79EFBC}") = "Stazis", "Stazis.csproj", "{A9B452FA-6268-4A0A-B252-986415E43F41}"
EndProject
Global
	GlobalSection(SolutionConfigurationPlatforms) = preSolution
		Debug|Any CPU = Debug|Any CPU
		Release|Any CPU = Release|Any CPU
	EndGlobalSection
	GlobalSection(ProjectConfigurationPlatforms) = postSolution
		{A9B452FA-6268-4A0A-B252-986415E43F41}.Debug|Any CPU.ActiveCfg = Debug|x86
		{A9B452FA-6268-4A0A-B252-986415E43F41}.Debug|Any CPU.Build.0 = Debug|x86
		{A9B452FA-6268-4A0A-B252-986415E43F41}.Release|Any CPU.ActiveCfg = Release|x86
	EndGlobalSection
	GlobalSection(SolutionProperties) = preSolution
		HideSolutionNode = FALSE
	EndGlobalSection
	GlobalSection(ExtensibilityGlobals) = postSolution
		SolutionGuid = {C759CBB3-856D-4953-B874-5D67E4C142D0}
	EndGlobalSection
EndGlobal
